// !$*UTF8*$!
{
	archiveVersion = 1;
	classes = {
	};
	objectVersion = 46;
	objects = {

/* Begin PBXBuildFile section */
		E42EC6121EEA84EC008409D7 /* main.m in Sources */ = {isa = PBXBuildFile; fileRef = E42EC6111EEA84EC008409D7 /* main.m */; };
		E42EC6151EEA84EC008409D7 /* AppDelegate.m in Sources */ = {isa = PBXBuildFile; fileRef = E42EC6141EEA84EC008409D7 /* AppDelegate.m */; };
		E42EC6181EEA84EC008409D7 /* ViewController.m in Sources */ = {isa = PBXBuildFile; fileRef = E42EC6171EEA84EC008409D7 /* ViewController.m */; };
		E42EC61B1EEA84EC008409D7 /* Main.storyboard in Resources */ = {isa = PBXBuildFile; fileRef = E42EC6191EEA84EC008409D7 /* Main.storyboard */; };
		E42EC61D1EEA84EC008409D7 /* Assets.xcassets in Resources */ = {isa = PBXBuildFile; fileRef = E42EC61C1EEA84EC008409D7 /* Assets.xcassets */; };
		E42EC6201EEA84EC008409D7 /* LaunchScreen.storyboard in Resources */ = {isa = PBXBuildFile; fileRef = E42EC61E1EEA84EC008409D7 /* LaunchScreen.storyboard */; };
		E42EC62B1EEA84EC008409D7 /* RuntimeDemoTests.m in Sources */ = {isa = PBXBuildFile; fileRef = E42EC62A1EEA84EC008409D7 /* RuntimeDemoTests.m */; };
		E42EC6361EEA84EC008409D7 /* RuntimeDemoUITests.m in Sources */ = {isa = PBXBuildFile; fileRef = E42EC6351EEA84EC008409D7 /* RuntimeDemoUITests.m */; };
		E42EC6451EEA859B008409D7 /* BDPerson.m in Sources */ = {isa = PBXBuildFile; fileRef = E42EC6441EEA859B008409D7 /* BDPerson.m */; };
		E46D0A4D1EF0F176003A9CD8 /* BDPerson+PersonCategory.m in Sources */ = {isa = PBXBuildFile; fileRef = E46D0A4C1EF0F176003A9CD8 /* BDPerson+PersonCategory.m */; };
/* End PBXBuildFile section */

/* Begin PBXContainerItemProxy section */
		E42EC6271EEA84EC008409D7 /* PBXContainerItemProxy */ = {
			isa = PBXContainerItemProxy;
			containerPortal = E42EC6051EEA84EC008409D7 /* Project object */;
			proxyType = 1;
			remoteGlobalIDString = E42EC60C1EEA84EC008409D7;
			remoteInfo = RuntimeDemo;
		};
		E42EC6321EEA84EC008409D7 /* PBXContainerItemProxy */ = {
			isa = PBXContainerItemProxy;
			containerPortal = E42EC6051EEA84EC008409D7 /* Project object */;
			proxyType = 1;
			remoteGlobalIDString = E42EC60C1EEA84EC008409D7;
			remoteInfo = RuntimeDemo;
		};
/* End PBXContainerItemProxy section */

/* Begin PBXFileReference section */
		E42EC60D1EEA84EC008409D7 /* RuntimeDemo.app */ = {isa = PBXFileReference; explicitFileType = wrapper.application; includeInIndex = 0; path = RuntimeDemo.app; sourceTree = BUILT_PRODUCTS_DIR; };
		E42EC6111EEA84EC008409D7 /* main.m */ = {isa = PBXFileReference; lastKnownFileType = sourcecode.c.objc; path = main.m; sourceTree = "<group>"; };
		E42EC6131EEA84EC008409D7 /* AppDelegate.h */ = {isa = PBXFileReference; lastKnownFileType = sourcecode.c.h; path = AppDelegate.h; sourceTree = "<group>"; };
		E42EC6141EEA84EC008409D7 /* AppDelegate.m */ = {isa = PBXFileReference; lastKnownFileType = sourcecode.c.objc; path = AppDelegate.m; sourceTree = "<group>"; };
		E42EC6161EEA84EC008409D7 /* ViewController.h */ = {isa = PBXFileReference; lastKnownFileType = sourcecode.c.h; path = ViewController.h; sourceTree = "<group>"; };
		E42EC6171EEA84EC008409D7 /* ViewController.m */ = {isa = PBXFileReference; lastKnownFileType = sourcecode.c.objc; path = ViewController.m; sourceTree = "<group>"; };
		E42EC61A1EEA84EC008409D7 /* Base */ = {isa = PBXFileReference; lastKnownFileType = file.storyboard; name = Base; path = Base.lproj/Main.storyboard; sourceTree = "<group>"; };
		E42EC61C1EEA84EC008409D7 /* Assets.xcassets */ = {isa = PBXFileReference; lastKnownFileType = folder.assetcatalog; path = Assets.xcassets; sourceTree = "<group>"; };
		E42EC61F1EEA84EC008409D7 /* Base */ = {isa = PBXFileReference; lastKnownFileType = file.storyboard; name = Base; path = Base.lproj/LaunchScreen.storyboard; sourceTree = "<group>"; };
		E42EC6211EEA84EC008409D7 /* Info.plist */ = {isa = PBXFileReference; lastKnownFileType = text.plist.xml; path = Info.plist; sourceTree = "<group>"; };
		E42EC6261EEA84EC008409D7 /* RuntimeDemoTests.xctest */ = {isa = PBXFileReference; explicitFileType = wrapper.cfbundle; includeInIndex = 0; path = RuntimeDemoTests.xctest; sourceTree = BUILT_PRODUCTS_DIR; };
		E42EC62A1EEA84EC008409D7 /* RuntimeDemoTests.m */ = {isa = PBXFileReference; lastKnownFileType = sourcecode.c.objc; path = RuntimeDemoTests.m; sourceTree = "<group>"; };
		E42EC62C1EEA84EC008409D7 /* Info.plist */ = {isa = PBXFileReference; lastKnownFileType = text.plist.xml; path = Info.plist; sourceTree = "<group>"; };
		E42EC6311EEA84EC008409D7 /* RuntimeDemoUITests.xctest */ = {isa = PBXFileReference; explicitFileType = wrapper.cfbundle; includeInIndex = 0; path = RuntimeDemoUITests.xctest; sourceTree = BUILT_PRODUCTS_DIR; };
		E42EC6351EEA84EC008409D7 /* RuntimeDemoUITests.m */ = {isa = PBXFileReference; lastKnownFileType = sourcecode.c.objc; path = RuntimeDemoUITests.m; sourceTree = "<group>"; };
		E42EC6371EEA84EC008409D7 /* Info.plist */ = {isa = PBXFileReference; lastKnownFileType = text.plist.xml; path = Info.plist; sourceTree = "<group>"; };
		E42EC6431EEA859B008409D7 /* BDPerson.h */ = {isa = PBXFileReference; fileEncoding = 4; lastKnownFileType = sourcecode.c.h; path = BDPerson.h; sourceTree = "<group>"; };
		E42EC6441EEA859B008409D7 /* BDPerson.m */ = {isa = PBXFileReference; fileEncoding = 4; lastKnownFileType = sourcecode.c.objc; path = BDPerson.m; sourceTree = "<group>"; };
		E46D0A4B1EF0F176003A9CD8 /* BDPerson+PersonCategory.h */ = {isa = PBXFileReference; fileEncoding = 4; lastKnownFileType = sourcecode.c.h; path = "BDPerson+PersonCategory.h"; sourceTree = "<group>"; };
		E46D0A4C1EF0F176003A9CD8 /* BDPerson+PersonCategory.m */ = {isa = PBXFileReference; fileEncoding = 4; lastKnownFileType = sourcecode.c.objc; path = "BDPerson+PersonCategory.m"; sourceTree = "<group>"; };
/* End PBXFileReference section */

/* Begin PBXFrameworksBuildPhase section */
		E42EC60A1EEA84EC008409D7 /* Frameworks */ = {
			isa = PBXFrameworksBuildPhase;
			buildActionMask = 2147483647;
			files = (
			);
			runOnlyForDeploymentPostprocessing = 0;
		};
		E42EC6231EEA84EC008409D7 /* Frameworks */ = {
			isa = PBXFrameworksBuildPhase;
			buildActionMask = 2147483647;
			files = (
			);
			runOnlyForDeploymentPostprocessing = 0;
		};
		E42EC62E1EEA84EC008409D7 /* Frameworks */ = {
			isa = PBXFrameworksBuildPhase;
			buildActionMask = 2147483647;
			files = (
			);
			runOnlyForDeploymentPostprocessing = 0;
		};
/* End PBXFrameworksBuildPhase section */

/* Begin PBXGroup section */
		E42EC6041EEA84EC008409D7 = {
			isa = PBXGroup;
			children = (
				E42EC60F1EEA84EC008409D7 /* RuntimeDemo */,
				E42EC6291EEA84EC008409D7 /* RuntimeDemoTests */,
				E42EC6341EEA84EC008409D7 /* RuntimeDemoUITests */,
				E42EC60E1EEA84EC008409D7 /* Products */,
			);
			sourceTree = "<group>";
		};
		E42EC60E1EEA84EC008409D7 /* Products */ = {
			isa = PBXGroup;
			children = (
				E42EC60D1EEA84EC008409D7 /* RuntimeDemo.app */,
				E42EC6261EEA84EC008409D7 /* RuntimeDemoTests.xctest */,
				E42EC6311EEA84EC008409D7 /* RuntimeDemoUITests.xctest */,
			);
			name = Products;
			sourceTree = "<group>";
		};
		E42EC60F1EEA84EC008409D7 /* RuntimeDemo */ = {
			isa = PBXGroup;
			children = (
				E42EC6131EEA84EC008409D7 /* AppDelegate.h */,
				E42EC6141EEA84EC008409D7 /* AppDelegate.m */,
				E42EC6161EEA84EC008409D7 /* ViewController.h */,
				E42EC6171EEA84EC008409D7 /* ViewController.m */,
				E42EC6431EEA859B008409D7 /* BDPerson.h */,
				E42EC6441EEA859B008409D7 /* BDPerson.m */,
				E46D0A4B1EF0F176003A9CD8 /* BDPerson+PersonCategory.h */,
				E46D0A4C1EF0F176003A9CD8 /* BDPerson+PersonCategory.m */,
				E42EC6191EEA84EC008409D7 /* Main.storyboard */,
				E42EC61C1EEA84EC008409D7 /* Assets.xcassets */,
				E42EC61E1EEA84EC008409D7 /* LaunchScreen.storyboard */,
				E42EC6211EEA84EC008409D7 /* Info.plist */,
				E42EC6101EEA84EC008409D7 /* Supporting Files */,
			);
			path = RuntimeDemo;
			sourceTree = "<group>";
		};
		E42EC6101EEA84EC008409D7 /* Supporting Files */ = {
			isa = PBXGroup;
			children = (
				E42EC6111EEA84EC008409D7 /* main.m */,
			);
			name = "Supporting Files";
			sourceTree = "<group>";
		};
		E42EC6291EEA84EC008409D7 /* RuntimeDemoTests */ = {
			isa = PBXGroup;
			children = (
				E42EC62A1EEA84EC008409D7 /* RuntimeDemoTests.m */,
				E42EC62C1EEA84EC008409D7 /* Info.plist */,
			);
			path = RuntimeDemoTests;
			sourceTree = "<group>";
		};
		E42EC6341EEA84EC008409D7 /* RuntimeDemoUITests */ = {
			isa = PBXGroup;
			children = (
				E42EC6351EEA84EC008409D7 /* RuntimeDemoUITests.m */,
				E42EC6371EEA84EC008409D7 /* Info.plist */,
			);
			path = RuntimeDemoUITests;
			sourceTree = "<group>";
		};
/* End PBXGroup section */

/* Begin PBXNativeTarget section */
		E42EC60C1EEA84EC008409D7 /* RuntimeDemo */ = {
			isa = PBXNativeTarget;
			buildConfigurationList = E42EC63A1EEA84EC008409D7 /* Build configuration list for PBXNativeTarget "RuntimeDemo" */;
			buildPhases = (
				E42EC6091EEA84EC008409D7 /* Sources */,
				E42EC60A1EEA84EC008409D7 /* Frameworks */,
				E42EC60B1EEA84EC008409D7 /* Resources */,
			);
			buildRules = (
			);
			dependencies = (
			);
			name = RuntimeDemo;
			productName = RuntimeDemo;
			productReference = E42EC60D1EEA84EC008409D7 /* RuntimeDemo.app */;
			productType = "com.apple.product-type.application";
		};
		E42EC6251EEA84EC008409D7 /* RuntimeDemoTests */ = {
			isa = PBXNativeTarget;
			buildConfigurationList = E42EC63D1EEA84EC008409D7 /* Build configuration list for PBXNativeTarget "RuntimeDemoTests" */;
			buildPhases = (
				E42EC6221EEA84EC008409D7 /* Sources */,
				E42EC6231EEA84EC008409D7 /* Frameworks */,
				E42EC6241EEA84EC008409D7 /* Resources */,
			);
			buildRules = (
			);
			dependencies = (
				E42EC6281EEA84EC008409D7 /* PBXTargetDependency */,
			);
			name = RuntimeDemoTests;
			productName = RuntimeDemoTests;
			productReference = E42EC6261EEA84EC008409D7 /* RuntimeDemoTests.xctest */;
			productType = "com.apple.product-type.bundle.unit-test";
		};
		E42EC6301EEA84EC008409D7 /* RuntimeDemoUITests */ = {
			isa = PBXNativeTarget;
			buildConfigurationList = E42EC6401EEA84EC008409D7 /* Build configuration list for PBXNativeTarget "RuntimeDemoUITests" */;
			buildPhases = (
				E42EC62D1EEA84EC008409D7 /* Sources */,
				E42EC62E1EEA84EC008409D7 /* Frameworks */,
				E42EC62F1EEA84EC008409D7 /* Resources */,
			);
			buildRules = (
			);
			dependencies = (
				E42EC6331EEA84EC008409D7 /* PBXTargetDependency */,
			);
			name = RuntimeDemoUITests;
			productName = RuntimeDemoUITests;
			productReference = E42EC6311EEA84EC008409D7 /* RuntimeDemoUITests.xctest */;
			productType = "com.apple.product-type.bundle.ui-testing";
		};
/* End PBXNativeTarget section */

/* Begin PBXProject section */
		E42EC6051EEA84EC008409D7 /* Project object */ = {
			isa = PBXProject;
			attributes = {
				LastUpgradeCheck = 0830;
				ORGANIZATIONNAME = CocoHaHa;
				TargetAttributes = {
					E42EC60C1EEA84EC008409D7 = {
						CreatedOnToolsVersion = 8.3.2;
						DevelopmentTeam = X76LH572J4;
						ProvisioningStyle = Automatic;
					};
					E42EC6251EEA84EC008409D7 = {
						CreatedOnToolsVersion = 8.3.2;
						DevelopmentTeam = X76LH572J4;
						ProvisioningStyle = Automatic;
						TestTargetID = E42EC60C1EEA84EC008409D7;
					};
					E42EC6301EEA84EC008409D7 = {
						CreatedOnToolsVersion = 8.3.2;
						DevelopmentTeam = X76LH572J4;
						ProvisioningStyle = Automatic;
						TestTargetID = E42EC60C1EEA84EC008409D7;
					};
				};
			};
			buildConfigurationList = E42EC6081EEA84EC008409D7 /* Build configuration list for PBXProject "RuntimeDemo" */;
			compatibilityVersion = "Xcode 3.2";
			developmentRegion = English;
			hasScannedForEncodings = 0;
			knownRegions = (
				en,
				Base,
			);
			mainGroup = E42EC6041EEA84EC008409D7;
			productRefGroup = E42EC60E1EEA84EC008409D7 /* Products */;
			projectDirPath = "";
			projectRoot = "";
			targets = (
				E42EC60C1EEA84EC008409D7 /* RuntimeDemo */,
				E42EC6251EEA84EC008409D7 /* RuntimeDemoTests */,
				E42EC6301EEA84EC008409D7 /* RuntimeDemoUITests */,
			);
		};
/* End PBXProject section */

/* Begin PBXResourcesBuildPhase section */
		E42EC60B1EEA84EC008409D7 /* Resources */ = {
			isa = PBXResourcesBuildPhase;
			buildActionMask = 2147483647;
			files = (
				E42EC6201EEA84EC008409D7 /* LaunchScreen.storyboard in Resources */,
				E42EC61D1EEA84EC008409D7 /* Assets.xcassets in Resources */,
				E42EC61B1EEA84EC008409D7 /* Main.storyboard in Resources */,
			);
			runOnlyForDeploymentPostprocessing = 0;
		};
		E42EC6241EEA84EC008409D7 /* Resources */ = {
			isa = PBXResourcesBuildPhase;
			buildActionMask = 2147483647;
			files = (
			);
			runOnlyForDeploymentPostprocessing = 0;
		};
		E42EC62F1EEA84EC008409D7 /* Resources */ = {
			isa = PBXResourcesBuildPhase;
			buildActionMask = 2147483647;
			files = (
			);
			runOnlyForDeploymentPostprocessing = 0;
		};
/* End PBXResourcesBuildPhase section */

/* Begin PBXSourcesBuildPhase section */
		E42EC6091EEA84EC008409D7 /* Sources */ = {
			isa = PBXSourcesBuildPhase;
			buildActionMask = 2147483647;
			files = (
				E42EC6181EEA84EC008409D7 /* ViewController.m in Sources */,
				E42EC6151EEA84EC008409D7 /* AppDelegate.m in Sources */,
				E42EC6451EEA859B008409D7 /* BDPerson.m in Sources */,
				E42EC6121EEA84EC008409D7 /* main.m in Sources */,
				E46D0A4D1EF0F176003A9CD8 /* BDPerson+PersonCategory.m in Sources */,
			);
			runOnlyForDeploymentPostprocessing = 0;
		};
		E42EC6221EEA84EC008409D7 /* Sources */ = {
			isa = PBXSourcesBuildPhase;
			buildActionMask = 2147483647;
			files = (
				E42EC62B1EEA84EC008409D7 /* RuntimeDemoTests.m in Sources */,
			);
			runOnlyForDeploymentPostprocessing = 0;
		};
		E42EC62D1EEA84EC008409D7 /* Sources */ = {
			isa = PBXSourcesBuildPhase;
			buildActionMask = 2147483647;
			files = (
				E42EC6361EEA84EC008409D7 /* RuntimeDemoUITests.m in Sources */,
			);
			runOnlyForDeploymentPostprocessing = 0;
		};
/* End PBXSourcesBuildPhase section */

/* Begin PBXTargetDependency section */
		E42EC6281EEA84EC008409D7 /* PBXTargetDependency */ = {
			isa = PBXTargetDependency;
			target = E42EC60C1EEA84EC008409D7 /* RuntimeDemo */;
			targetProxy = E42EC6271EEA84EC008409D7 /* PBXContainerItemProxy */;
		};
		E42EC6331EEA84EC008409D7 /* PBXTargetDependency */ = {
			isa = PBXTargetDependency;
			target = E42EC60C1EEA84EC008409D7 /* RuntimeDemo */;
			targetProxy = E42EC6321EEA84EC008409D7 /* PBXContainerItemProxy */;
		};
/* End PBXTargetDependency section */

/* Begin PBXVariantGroup section */
		E42EC6191EEA84EC008409D7 /* Main.storyboard */ = {
			isa = PBXVariantGroup;
			children = (
				E42EC61A1EEA84EC008409D7 /* Base */,
			);
			name = Main.storyboard;
			sourceTree = "<group>";
		};
		E42EC61E1EEA84EC008409D7 /* LaunchScreen.storyboard */ = {
			isa = PBXVariantGroup;
			children = (
				E42EC61F1EEA84EC008409D7 /* Base */,
			);
			name = LaunchScreen.storyboard;
			sourceTree = "<group>";
		};
/* End PBXVariantGroup section */

/* Begin XCBuildConfiguration section */
		E42EC6381EEA84EC008409D7 /* Debug */ = {
			isa = XCBuildConfiguration;
			buildSettings = {
				ALWAYS_SEARCH_USER_PATHS = NO;
				CLANG_ANALYZER_NONNULL = YES;
				CLANG_ANALYZER_NUMBER_OBJECT_CONVERSION = YES_AGGRESSIVE;
				CLANG_CXX_LANGUAGE_STANDARD = "gnu++0x";
				CLANG_CXX_LIBRARY = "libc++";
				CLANG_ENABLE_MODULES = YES;
				CLANG_ENABLE_OBJC_ARC = YES;
				CLANG_WARN_BOOL_CONVERSION = YES;
				CLANG_WARN_CONSTANT_CONVERSION = YES;
				CLANG_WARN_DIRECT_OBJC_ISA_USAGE = YES_ERROR;
				CLANG_WARN_DOCUMENTATION_COMMENTS = YES;
				CLANG_WARN_EMPTY_BODY = YES;
				CLANG_WARN_ENUM_CONVERSION = YES;
				CLANG_WARN_INFINITE_RECURSION = YES;
				CLANG_WARN_INT_CONVERSION = YES;
				CLANG_WARN_OBJC_ROOT_CLASS = YES_ERROR;
				CLANG_WARN_SUSPICIOUS_MOVE = YES;
				CLANG_WARN_UNREACHABLE_CODE = YES;
				CLANG_WARN__DUPLICATE_METHOD_MATCH = YES;
				"CODE_SIGN_IDENTITY[sdk=iphoneos*]" = "iPhone Developer";
				COPY_PHASE_STRIP = NO;
				DEBUG_INFORMATION_FORMAT = dwarf;
				ENABLE_STRICT_OBJC_MSGSEND = YES;
				ENABLE_TESTABILITY = YES;
				GCC_C_LANGUAGE_STANDARD = gnu99;
				GCC_DYNAMIC_NO_PIC = NO;
				GCC_NO_COMMON_BLOCKS = YES;
				GCC_OPTIMIZATION_LEVEL = 0;
				GCC_PREPROCESSOR_DEFINITIONS = (
					"DEBUG=1",
					"$(inherited)",
				);
				GCC_WARN_64_TO_32_BIT_CONVERSION = YES;
				GCC_WARN_ABOUT_RETURN_TYPE = YES_ERROR;
				GCC_WARN_UNDECLARED_SELECTOR = YES;
				GCC_WARN_UNINITIALIZED_AUTOS = YES_AGGRESSIVE;
				GCC_WARN_UNUSED_FUNCTION = YES;
				GCC_WARN_UNUSED_VARIABLE = YES;
				IPHONEOS_DEPLOYMENT_TARGET = 10.3;
				MTL_ENABLE_DEBUG_INFO = YES;
				ONLY_ACTIVE_ARCH = YES;
				SDKROOT = iphoneos;
				TARGETED_DEVICE_FAMILY = "1,2";
			};
			name = Debug;
		};
		E42EC6391EEA84EC008409D7 /* Release */ = {
			isa = XCBuildConfiguration;
			buildSettings = {
				ALWAYS_SEARCH_USER_PATHS = NO;
				CLANG_ANALYZER_NONNULL = YES;
				CLANG_ANALYZER_NUMBER_OBJECT_CONVERSION = YES_AGGRESSIVE;
				CLANG_CXX_LANGUAGE_STANDARD = "gnu++0x";
				CLANG_CXX_LIBRARY = "libc++";
				CLANG_ENABLE_MODULES = YES;
				CLANG_ENABLE_OBJC_ARC = YES;
				CLANG_WARN_BOOL_CONVERSION = YES;
				CLANG_WARN_CONSTANT_CONVERSION = YES;
				CLANG_WARN_DIRECT_OBJC_ISA_USAGE = YES_ERROR;
				CLANG_WARN_DOCUMENTATION_COMMENTS = YES;
				CLANG_WARN_EMPTY_BODY = YES;
				CLANG_WARN_ENUM_CONVERSION = YES;
				CLANG_WARN_INFINITE_RECURSION = YES;
				CLANG_WARN_INT_CONVERSION = YES;
				CLANG_WARN_OBJC_ROOT_CLASS = YES_ERROR;
				CLANG_WARN_SUSPICIOUS_MOVE = YES;
				CLANG_WARN_UNREACHABLE_CODE = YES;
				CLANG_WARN__DUPLICATE_METHOD_MATCH = YES;
				"CODE_SIGN_IDENTITY[sdk=iphoneos*]" = "iPhone Developer";
				COPY_PHASE_STRIP = NO;
				DEBUG_INFORMATION_FORMAT = "dwarf-with-dsym";
				ENABLE_NS_ASSERTIONS = NO;
				ENABLE_STRICT_OBJC_MSGSEND = YES;
				GCC_C_LANGUAGE_STANDARD = gnu99;
				GCC_NO_COMMON_BLOCKS = YES;
				GCC_WARN_64_TO_32_BIT_CONVERSION = YES;
				GCC_WARN_ABOUT_RETURN_TYPE = YES_ERROR;
				GCC_WARN_UNDECLARED_SELECTOR = YES;
				GCC_WARN_UNINITIALIZED_AUTOS = YES_AGGRESSIVE;
				GCC_WARN_UNUSED_FUNCTION = YES;
				GCC_WARN_UNUSED_VARIABLE = YES;
				IPHONEOS_DEPLOYMENT_TARGET = 10.3;
				MTL_ENABLE_DEBUG_INFO = NO;
				SDKROOT = iphoneos;
				TARGETED_DEVICE_FAMILY = "1,2";
				VALIDATE_PRODUCT = YES;
			};
			name = Release;
		};
		E42EC63B1EEA84EC008409D7 /* Debug */ = {
			isa = XCBuildConfiguration;
			buildSettings = {
				ASSETCATALOG_COMPILER_APPICON_NAME = AppIcon;
				DEVELOPMENT_TEAM = X76LH572J4;
				INFOPLIST_FILE = RuntimeDemo/Info.plist;
				LD_RUNPATH_SEARCH_PATHS = "$(inherited) @executable_path/Frameworks";
				PRODUCT_BUNDLE_IDENTIFIER = com.cocohaha.RuntimeDemo;
				PRODUCT_NAME = "$(TARGET_NAME)";
			};
			name = Debug;
		};
		E42EC63C1EEA84EC008409D7 /* Release */ = {
			isa = XCBuildConfiguration;
			buildSettings = {
				ASSETCATALOG_COMPILER_APPICON_NAME = AppIcon;
				DEVELOPMENT_TEAM = X76LH572J4;
				INFOPLIST_FILE = RuntimeDemo/Info.plist;
				LD_RUNPATH_SEARCH_PATHS = "$(inherited) @executable_path/Frameworks";
				PRODUCT_BUNDLE_IDENTIFIER = com.cocohaha.RuntimeDemo;
				PRODUCT_NAME = "$(TARGET_NAME)";
			};
			name = Release;
		};
		E42EC63E1EEA84EC008409D7 /* Debug */ = {
			isa = XCBuildConfiguration;
			buildSettings = {
				BUNDLE_LOADER = "$(TEST_HOST)";
				DEVELOPMENT_TEAM = X76LH572J4;
				INFOPLIST_FILE = RuntimeDemoTests/Info.plist;
				LD_RUNPATH_SEARCH_PATHS = "$(inherited) @executable_path/Frameworks @loader_path/Frameworks";
				PRODUCT_BUNDLE_IDENTIFIER = com.cocohaha.RuntimeDemoTests;
				PRODUCT_NAME = "$(TARGET_NAME)";
				TEST_HOST = "$(BUILT_PRODUCTS_DIR)/RuntimeDemo.app/RuntimeDemo";
			};
			name = Debug;
		};
		E42EC63F1EEA84EC008409D7 /* Release */ = {
			isa = XCBuildConfiguration;
			buildSettings = {
				BUNDLE_LOADER = "$(TEST_HOST)";
				DEVELOPMENT_TEAM = X76LH572J4;
				INFOPLIST_FILE = RuntimeDemoTests/Info.plist;
				LD_RUNPATH_SEARCH_PATHS = "$(inherited) @executable_path/Frameworks @loader_path/Frameworks";
				PRODUCT_BUNDLE_IDENTIFIER = com.cocohaha.RuntimeDemoTests;
				PRODUCT_NAME = "$(TARGET_NAME)";
				TEST_HOST = "$(BUILT_PRODUCTS_DIR)/RuntimeDemo.app/RuntimeDemo";
			};
			name = Release;
		};
		E42EC6411EEA84EC008409D7 /* Debug */ = {
			isa = XCBuildConfiguration;
			buildSettings = {
				DEVELOPMENT_TEAM = X76LH572J4;
				INFOPLIST_FILE = RuntimeDemoUITests/Info.plist;
				LD_RUNPATH_SEARCH_PATHS = "$(inherited) @executable_path/Frameworks @loader_path/Frameworks";
				PRODUCT_BUNDLE_IDENTIFIER = com.cocohaha.RuntimeDemoUITests;
				PRODUCT_NAME = "$(TARGET_NAME)";
				TEST_TARGET_NAME = RuntimeDemo;
			};
			name = Debug;
		};
		E42EC6421EEA84EC008409D7 /* Release */ = {
			isa = XCBuildConfiguration;
			buildSettings = {
				DEVELOPMENT_TEAM = X76LH572J4;
				INFOPLIST_FILE = RuntimeDemoUITests/Info.plist;
				LD_RUNPATH_SEARCH_PATHS = "$(inherited) @executable_path/Frameworks @loader_path/Frameworks";
				PRODUCT_BUNDLE_IDENTIFIER = com.cocohaha.RuntimeDemoUITests;
				PRODUCT_NAME = "$(TARGET_NAME)";
				TEST_TARGET_NAME = RuntimeDemo;
			};
			name = Release;
		};
/* End XCBuildConfiguration section */

/* Begin XCConfigurationList section */
		E42EC6081EEA84EC008409D7 /* Build configuration list for PBXProject "RuntimeDemo" */ = {
			isa = XCConfigurationList;
			buildConfigurations = (
				E42EC6381EEA84EC008409D7 /* Debug */,
				E42EC6391EEA84EC008409D7 /* Release */,
			);
			defaultConfigurationIsVisible = 0;
			defaultConfigurationName = Release;
		};
		E42EC63A1EEA84EC008409D7 /* Build configuration list for PBXNativeTarget "RuntimeDemo" */ = {
			isa = XCConfigurationList;
			buildConfigurations = (
				E42EC63B1EEA84EC008409D7 /* Debug */,
				E42EC63C1EEA84EC008409D7 /* Release */,
			);
			defaultConfigurationIsVisible = 0;
			defaultConfigurationName = Release;
		};
		E42EC63D1EEA84EC008409D7 /* Build configuration list for PBXNativeTarget "RuntimeDemoTests" */ = {
			isa = XCConfigurationList;
			buildConfigurations = (
				E42EC63E1EEA84EC008409D7 /* Debug */,
				E42EC63F1EEA84EC008409D7 /* Release */,
			);
			defaultConfigurationIsVisible = 0;
			defaultConfigurationName = Release;
		};
		E42EC6401EEA84EC008409D7 /* Build configuration list for PBXNativeTarget "RuntimeDemoUITests" */ = {
			isa = XCConfigurationList;
			buildConfigurations = (
				E42EC6411EEA84EC008409D7 /* Debug */,
				E42EC6421EEA84EC008409D7 /* Release */,
			);
			defaultConfigurationIsVisible = 0;
			defaultConfigurationName = Release;
		};
/* End XCConfigurationList section */
	};
	rootObject = E42EC6051EEA84EC008409D7 /* Project object */;
}
